
Microsoft Visual Studio Solution File, Format Version 12.00
# Visual Studio Version 17
VisualStudioVersion = 17.4.33103.184
MinimumVisualStudioVersion = 10.0.40219.1
Project("{9A19103F-16F7-4668-BE54-9A1E7A4F7556}") = "Wj.Bizlogic.Core", "Wj.Bizlogic.Core\Wj.Bizlogic.Core.csproj", "{3E97BD38-3C60-49E6-BD47-5332222216FD}"
EndProject
Project("{2150E333-8FDC-42A3-9474-1A3956D46DE8}") = "build", "build", "{32E0B1FB-3CCE-43F0-B6CB-4C0E480D2E39}"
	ProjectSection(SolutionItems) = preProject
		..\common.props = ..\common.props
		..\Directory.Build.props = ..\Directory.Build.props
		..\Directory.Packages.props = ..\Directory.Packages.props
		..\NuGet.Config = ..\NuGet.Config
	EndProjectSection
EndProject
Project("{9A19103F-16F7-4668-BE54-9A1E7A4F7556}") = "Wj.Bizlogic.Autofac", "Wj.Bizlogic.Autofac\Wj.Bizlogic.Autofac.csproj", "{867B9311-5CEC-4CAB-AAF5-5118DC1745C8}"
EndProject
Project("{9A19103F-16F7-4668-BE54-9A1E7A4F7556}") = "Wj.Bizlogic.Castle", "Wj.Bizlogic.Castle\Wj.Bizlogic.Castle.csproj", "{D2BBF293-5047-45AA-9109-BCE22D041D13}"
EndProject
Project("{9A19103F-16F7-4668-BE54-9A1E7A4F7556}") = "Wj.Bizlogic.Validation.Abstractions", "Wj.Bizlogic.Validation.Abstractions\Wj.Bizlogic.Validation.Abstractions.csproj", "{1B79536E-0DF6-4DBD-89AA-15D40B7062AF}"
EndProject
Project("{9A19103F-16F7-4668-BE54-9A1E7A4F7556}") = "Wj.Bizlogic.Validation", "Wj.Bizlogic.Validation\Wj.Bizlogic.Validation.csproj", "{3A37AADF-3F6D-4D92-90BA-5D89B6C16B7F}"
EndProject
Project("{9A19103F-16F7-4668-BE54-9A1E7A4F7556}") = "Wj.Bizlogic.Caching", "Wj.Bizlogic.Caching\Wj.Bizlogic.Caching.csproj", "{AB7DD7E1-B0D7-459A-9EC5-BB2AC6469CAF}"
EndProject
Project("{9A19103F-16F7-4668-BE54-9A1E7A4F7556}") = "Wj.Bizlogic.Json.Abstractions", "Wj.Bizlogic.Json.Abstractions\Wj.Bizlogic.Json.Abstractions.csproj", "{63CDC931-0163-4A7B-9592-6C11072D4EC1}"
EndProject
Project("{9A19103F-16F7-4668-BE54-9A1E7A4F7556}") = "Wj.Bizlogic.Json.SystemTextJson", "Wj.Bizlogic.Json.SystemTextJson\Wj.Bizlogic.Json.SystemTextJson.csproj", "{8E086239-A197-450D-92D8-D50BC256C89D}"
EndProject
Project("{FAE04EC0-301F-11D3-BF4B-00C04F79EFBC}") = "Wj.Bizlogic.Json", "Wj.Bizlogic.Json\Wj.Bizlogic.Json.csproj", "{2DBC3A4A-C232-45B6-8EE8-2FFCED36A078}"
EndProject
Project("{FAE04EC0-301F-11D3-BF4B-00C04F79EFBC}") = "Wj.Bizlogic.Serialization", "Wj.Bizlogic.Serialization\Wj.Bizlogic.Serialization.csproj", "{F57E9697-1D08-4323-9DBA-A68B8F2FE257}"
EndProject
Project("{FAE04EC0-301F-11D3-BF4B-00C04F79EFBC}") = "Wj.Bizlogic.Threading", "Wj.Bizlogic.Threading\Wj.Bizlogic.Threading.csproj", "{B640B055-C4DC-402C-96DE-524806E22F2E}"
EndProject
Project("{FAE04EC0-301F-11D3-BF4B-00C04F79EFBC}") = "Wj.Bizlogic.Uow", "Wj.Bizlogic.Uow\Wj.Bizlogic.Uow.csproj", "{8D6B8945-2054-4B65-8FEA-5764EE1D7CA7}"
EndProject
Global
	GlobalSection(SolutionConfigurationPlatforms) = preSolution
		Debug|Any CPU = Debug|Any CPU
		Release|Any CPU = Release|Any CPU
	EndGlobalSection
	GlobalSection(ProjectConfigurationPlatforms) = postSolution
		{3E97BD38-3C60-49E6-BD47-5332222216FD}.Debug|Any CPU.ActiveCfg = Debug|Any CPU
		{3E97BD38-3C60-49E6-BD47-5332222216FD}.Debug|Any CPU.Build.0 = Debug|Any CPU
		{3E97BD38-3C60-49E6-BD47-5332222216FD}.Release|Any CPU.ActiveCfg = Release|Any CPU
		{3E97BD38-3C60-49E6-BD47-5332222216FD}.Release|Any CPU.Build.0 = Release|Any CPU
		{867B9311-5CEC-4CAB-AAF5-5118DC1745C8}.Debug|Any CPU.ActiveCfg = Debug|Any CPU
		{867B9311-5CEC-4CAB-AAF5-5118DC1745C8}.Debug|Any CPU.Build.0 = Debug|Any CPU
		{867B9311-5CEC-4CAB-AAF5-5118DC1745C8}.Release|Any CPU.ActiveCfg = Release|Any CPU
		{867B9311-5CEC-4CAB-AAF5-5118DC1745C8}.Release|Any CPU.Build.0 = Release|Any CPU
		{D2BBF293-5047-45AA-9109-BCE22D041D13}.Debug|Any CPU.ActiveCfg = Debug|Any CPU
		{D2BBF293-5047-45AA-9109-BCE22D041D13}.Debug|Any CPU.Build.0 = Debug|Any CPU
		{D2BBF293-5047-45AA-9109-BCE22D041D13}.Release|Any CPU.ActiveCfg = Release|Any CPU
		{D2BBF293-5047-45AA-9109-BCE22D041D13}.Release|Any CPU.Build.0 = Release|Any CPU
		{1B79536E-0DF6-4DBD-89AA-15D40B7062AF}.Debug|Any CPU.ActiveCfg = Debug|Any CPU
		{1B79536E-0DF6-4DBD-89AA-15D40B7062AF}.Debug|Any CPU.Build.0 = Debug|Any CPU
		{1B79536E-0DF6-4DBD-89AA-15D40B7062AF}.Release|Any CPU.ActiveCfg = Release|Any CPU
		{1B79536E-0DF6-4DBD-89AA-15D40B7062AF}.Release|Any CPU.Build.0 = Release|Any CPU
		{3A37AADF-3F6D-4D92-90BA-5D89B6C16B7F}.Debug|Any CPU.ActiveCfg = Debug|Any CPU
		{3A37AADF-3F6D-4D92-90BA-5D89B6C16B7F}.Debug|Any CPU.Build.0 = Debug|Any CPU
		{3A37AADF-3F6D-4D92-90BA-5D89B6C16B7F}.Release|Any CPU.ActiveCfg = Release|Any CPU
		{3A37AADF-3F6D-4D92-90BA-5D89B6C16B7F}.Release|Any CPU.Build.0 = Release|Any CPU
		{AB7DD7E1-B0D7-459A-9EC5-BB2AC6469CAF}.Debug|Any CPU.ActiveCfg = Debug|Any CPU
		{AB7DD7E1-B0D7-459A-9EC5-BB2AC6469CAF}.Debug|Any CPU.Build.0 = Debug|Any CPU
		{AB7DD7E1-B0D7-459A-9EC5-BB2AC6469CAF}.Release|Any CPU.ActiveCfg = Release|Any CPU
		{AB7DD7E1-B0D7-459A-9EC5-BB2AC6469CAF}.Release|Any CPU.Build.0 = Release|Any CPU
		{63CDC931-0163-4A7B-9592-6C11072D4EC1}.Debug|Any CPU.ActiveCfg = Debug|Any CPU
		{63CDC931-0163-4A7B-9592-6C11072D4EC1}.Debug|Any CPU.Build.0 = Debug|Any CPU
		{63CDC931-0163-4A7B-9592-6C11072D4EC1}.Release|Any CPU.ActiveCfg = Release|Any CPU
		{63CDC931-0163-4A7B-9592-6C11072D4EC1}.Release|Any CPU.Build.0 = Release|Any CPU
		{8E086239-A197-450D-92D8-D50BC256C89D}.Debug|Any CPU.ActiveCfg = Debug|Any CPU
		{8E086239-A197-450D-92D8-D50BC256C89D}.Debug|Any CPU.Build.0 = Debug|Any CPU
		{8E086239-A197-450D-92D8-D50BC256C89D}.Release|Any CPU.ActiveCfg = Release|Any CPU
		{8E086239-A197-450D-92D8-D50BC256C89D}.Release|Any CPU.Build.0 = Release|Any CPU
		{2DBC3A4A-C232-45B6-8EE8-2FFCED36A078}.Debug|Any CPU.ActiveCfg = Debug|Any CPU
		{2DBC3A4A-C232-45B6-8EE8-2FFCED36A078}.Debug|Any CPU.Build.0 = Debug|Any CPU
		{2DBC3A4A-C232-45B6-8EE8-2FFCED36A078}.Release|Any CPU.ActiveCfg = Release|Any CPU
		{2DBC3A4A-C232-45B6-8EE8-2FFCED36A078}.Release|Any CPU.Build.0 = Release|Any CPU
		{F57E9697-1D08-4323-9DBA-A68B8F2FE257}.Debug|Any CPU.ActiveCfg = Debug|Any CPU
		{F57E9697-1D08-4323-9DBA-A68B8F2FE257}.Debug|Any CPU.Build.0 = Debug|Any CPU
		{F57E9697-1D08-4323-9DBA-A68B8F2FE257}.Release|Any CPU.ActiveCfg = Release|Any CPU
		{F57E9697-1D08-4323-9DBA-A68B8F2FE257}.Release|Any CPU.Build.0 = Release|Any CPU
		{B640B055-C4DC-402C-96DE-524806E22F2E}.Debug|Any CPU.ActiveCfg = Debug|Any CPU
		{B640B055-C4DC-402C-96DE-524806E22F2E}.Debug|Any CPU.Build.0 = Debug|Any CPU
		{B640B055-C4DC-402C-96DE-524806E22F2E}.Release|Any CPU.ActiveCfg = Release|Any CPU
		{B640B055-C4DC-402C-96DE-524806E22F2E}.Release|Any CPU.Build.0 = Release|Any CPU
		{8D6B8945-2054-4B65-8FEA-5764EE1D7CA7}.Debug|Any CPU.ActiveCfg = Debug|Any CPU
		{8D6B8945-2054-4B65-8FEA-5764EE1D7CA7}.Debug|Any CPU.Build.0 = Debug|Any CPU
		{8D6B8945-2054-4B65-8FEA-5764EE1D7CA7}.Release|Any CPU.ActiveCfg = Release|Any CPU
		{8D6B8945-2054-4B65-8FEA-5764EE1D7CA7}.Release|Any CPU.Build.0 = Release|Any CPU
	EndGlobalSection
	GlobalSection(SolutionProperties) = preSolution
		HideSolutionNode = FALSE
	EndGlobalSection
	GlobalSection(ExtensibilityGlobals) = postSolution
		SolutionGuid = {167540A4-A2D9-468D-A862-D1A7E40FBC5C}
	EndGlobalSection
EndGlobal
